
Microsoft Visual Studio Solution File, Format Version 12.00
# Visual Studio 2012
Project("{FAE04EC0-301F-11D3-BF4B-00C04F79EFBC}") = "Trong", "Trong\Trong.csproj", "{003943D7-D30B-4A2D-AA6B-9BD69D7023FE}"
EndProject
Project("{2150E333-8FDC-42A3-9474-1A3956D46DE8}") = ".nuget", ".nuget", "{90061D0B-3FB5-47A6-96CF-AA1A73E95AFD}"
	ProjectSection(SolutionItems) = preProject
		.nuget\NuGet.Config = .nuget\NuGet.Config
		.nuget\NuGet.exe = .nuget\NuGet.exe
		.nuget\NuGet.targets = .nuget\NuGet.targets
	EndProjectSection
EndProject
Project("{2150E333-8FDC-42A3-9474-1A3956D46DE8}") = "Solution Items", "Solution Items", "{C7CA6366-79D0-4CC1-BB2F-772AF70C799A}"
	ProjectSection(SolutionItems) = preProject
		AUTHORS = AUTHORS
		LICENSE = LICENSE
		README.md = README.md
	EndProjectSection
EndProject
Global
	GlobalSection(SolutionConfigurationPlatforms) = preSolution
		Debug|Any CPU = Debug|Any CPU
		Release|Any CPU = Release|Any CPU
	EndGlobalSection
	GlobalSection(ProjectConfigurationPlatforms) = postSolution
		{003943D7-D30B-4A2D-AA6B-9BD69D7023FE}.Debug|Any CPU.ActiveCfg = Debug|Any CPU
		{003943D7-D30B-4A2D-AA6B-9BD69D7023FE}.Debug|Any CPU.Build.0 = Debug|Any CPU
		{003943D7-D30B-4A2D-AA6B-9BD69D7023FE}.Release|Any CPU.ActiveCfg = Release|Any CPU
		{003943D7-D30B-4A2D-AA6B-9BD69D7023FE}.Release|Any CPU.Build.0 = Release|Any CPU
	EndGlobalSection
	GlobalSection(SolutionProperties) = preSolution
		HideSolutionNode = FALSE
	EndGlobalSection
EndGlobal
